
Microsoft Visual Studio Solution File, Format Version 12.00
# Visual Studio Version 17
VisualStudioVersion = 17.7.34302.85
MinimumVisualStudioVersion = 10.0.40219.1
Project("{FAE04EC0-301F-11D3-BF4B-00C04F79EFBC}") = "L44_passengerTrainConfigurator", "L44_passengerTrainConfigurator.csproj", "{EDAB7C34-5DE4-4D64-BE33-52FB1998E83D}"
EndProject
Global
	GlobalSection(SolutionConfigurationPlatforms) = preSolution
		Debug|Any CPU = Debug|Any CPU
		Release|Any CPU = Release|Any CPU
	EndGlobalSection
	GlobalSection(ProjectConfigurationPlatforms) = postSolution
		{EDAB7C34-5DE4-4D64-BE33-52FB1998E83D}.Debug|Any CPU.ActiveCfg = Debug|Any CPU
		{EDAB7C34-5DE4-4D64-BE33-52FB1998E83D}.Debug|Any CPU.Build.0 = Debug|Any CPU
		{EDAB7C34-5DE4-4D64-BE33-52FB1998E83D}.Release|Any CPU.ActiveCfg = Release|Any CPU
		{EDAB7C34-5DE4-4D64-BE33-52FB1998E83D}.Release|Any CPU.Build.0 = Release|Any CPU
	EndGlobalSection
	GlobalSection(SolutionProperties) = preSolution
		HideSolutionNode = FALSE
	EndGlobalSection
	GlobalSection(ExtensibilityGlobals) = postSolution
		SolutionGuid = {6A6BD400-0EBA-404E-BDBE-11587C3F15CA}
	EndGlobalSection
EndGlobal
